
# cargo-vet imports lock

[[audits.bytecode-alliance.audits.cfg-if]]
who = "Alex Crichton <alex@alexcrichton.com>"
criteria = "safe-to-deploy"
version = "1.0.0"
notes = "I am the author of this crate."

[[audits.bytecode-alliance.audits.errno]]
who = "Dan Gohman <dev@sunfishcode.online>"
criteria = "safe-to-deploy"
delta = "0.3.9 -> 0.3.10"

[[audits.embark-studios.audits.cfg_aliases]]
who = "Johan Andersson <opensource@embark-studios.com>"
criteria = "safe-to-deploy"
version = "0.1.1"
notes = "No unsafe usage or ambient capabilities"

[[audits.google.audits.errno]]
who = "Ying Hsu <yinghsu@chromium.org>"
criteria = "safe-to-run"
version = "0.3.8"
aggregated-from = "https://chromium.googlesource.com/chromiumos/third_party/rust_crates/+/refs/heads/main/cargo-vet/audits.toml?format=TEXT"

[[audits.google.audits.once_cell]]
who = "Ying Hsu <yinghsu@chromium.org>"
criteria = "safe-to-run"
version = "1.19.0"
aggregated-from = "https://chromium.googlesource.com/chromiumos/third_party/rust_crates/+/refs/heads/main/cargo-vet/audits.toml?format=TEXT"

[[audits.google.audits.tempfile]]
who = "Ying Hsu <yinghsu@chromium.org>"
criteria = "safe-to-run"
version = "3.10.1"
aggregated-from = "https://chromium.googlesource.com/chromiumos/third_party/rust_crates/+/refs/heads/main/cargo-vet/audits.toml?format=TEXT"

[[audits.isrg.audits.cfg-if]]
who = "David Cook <dcook@divviup.org>"
criteria = "safe-to-deploy"
delta = "1.0.0 -> 1.0.1"

[[audits.isrg.audits.cfg-if]]
who = "J.C. Jones <jc@divviup.org>"
criteria = "safe-to-deploy"
delta = "1.0.1 -> 1.0.3"

[[audits.isrg.audits.cfg-if]]
who = "David Cook <dcook@divviup.org>"
criteria = "safe-to-deploy"
delta = "1.0.3 -> 1.0.4"

[[audits.isrg.audits.once_cell]]
who = "David Cook <dcook@divviup.org>"
criteria = "safe-to-deploy"
delta = "1.19.0 -> 1.20.1"

[[audits.isrg.audits.once_cell]]
who = "J.C. Jones <jc@insufficient.coffee>"
criteria = "safe-to-deploy"
delta = "1.21.1 -> 1.21.3"
notes = "The unsafe code has moved from `compare_exchange` to a new `init` function, which makes it easier to reason about."

[[audits.isrg.audits.once_cell]]
who = "J.C. Jones <jc@divviup.org>"
criteria = "safe-to-deploy"
delta = "1.21.3 -> 1.21.4"
notes = "The addition is a safe while loop around prior behavior. I don't see any way for that to become malicious."

[[audits.mozilla.audits.cfg_aliases]]
who = "Alex Franchuk <afranchuk@mozilla.com>"
criteria = "safe-to-deploy"
delta = "0.1.1 -> 0.2.1"
notes = "Very minor changes."
aggregated-from = "https://hg.mozilla.org/mozilla-central/raw-file/tip/supply-chain/audits.toml"

[[audits.mozilla.audits.cfg_aliases]]
who = "Erich Gubler <erichdongubler@gmail.com>"
criteria = "safe-to-deploy"
delta = "0.2.1 -> 0.2.2"
aggregated-from = "https://hg.mozilla.org/mozilla-central/raw-file/tip/supply-chain/audits.toml"

[[audits.mozilla.audits.once_cell]]
who = "Erich Gubler <erichdongubler@gmail.com>"
criteria = "safe-to-deploy"
delta = "1.20.1 -> 1.20.2"
notes = "This update works around a Cargo bug that forces the addition of `portable-atomic` into a lockfile, which we have never needed to use."
aggregated-from = "https://hg.mozilla.org/mozilla-central/raw-file/tip/supply-chain/audits.toml"

[[audits.mozilla.audits.once_cell]]
who = "Erich Gubler <erichdongubler@gmail.com>"
criteria = "safe-to-deploy"
delta = "1.20.2 -> 1.20.3"
aggregated-from = "https://hg.mozilla.org/mozilla-central/raw-file/tip/supply-chain/audits.toml"

[[audits.mozilla.audits.once_cell]]
who = "Erich Gubler <erichdongubler@gmail.com>"
criteria = "safe-to-deploy"
delta = "1.20.3 -> 1.21.1"
aggregated-from = "https://hg.mozilla.org/mozilla-central/raw-file/tip/supply-chain/audits.toml"

[[audits.mozilla.audits.tempfile]]
who = "Chris Martin <cmartin@mozilla.com>"
criteria = "safe-to-deploy"
delta = "3.10.1 -> 3.16.0"
notes = "Big change, but nothing unsafe and lots of it is documentation and convenience APIs"
aggregated-from = "https://hg.mozilla.org/mozilla-central/raw-file/tip/supply-chain/audits.toml"

[[audits.mozilla.audits.tempfile]]
who = "Jim Blandy <jimb@red-bean.com>"
criteria = "safe-to-deploy"
delta = "3.16.0 -> 3.27.0"
aggregated-from = "https://hg.mozilla.org/mozilla-central/raw-file/tip/supply-chain/audits.toml"

[[audits.mozilla.audits.windows-link]]
who = "Mark Hammond <mhammond@skippinet.com.au>"
criteria = "safe-to-deploy"
version = "0.1.1"
notes = "A microsoft crate allowing unsafe calls to windows apis."
aggregated-from = "https://hg.mozilla.org/mozilla-central/raw-file/tip/supply-chain/audits.toml"

[[audits.mozilla.audits.windows-link]]
who = "Erich Gubler <erichdongubler@gmail.com>"
criteria = "safe-to-deploy"
delta = "0.1.1 -> 0.2.0"
aggregated-from = "https://hg.mozilla.org/mozilla-central/raw-file/tip/supply-chain/audits.toml"

[[audits.zcash.audits.errno]]
who = "Daira-Emma Hopwood <daira@jacaranda.org>"
criteria = "safe-to-deploy"
delta = "0.3.8 -> 0.3.9"
aggregated-from = "https://raw.githubusercontent.com/zcash/librustzcash/main/supply-chain/audits.toml"

[[audits.zcash.audits.errno]]
who = "Jack Grigg <jack@electriccoin.co>"
criteria = "safe-to-deploy"
delta = "0.3.10 -> 0.3.11"
notes = "The `__errno` location for vxworks and cygwin looks correct from a quick search."
aggregated-from = "https://raw.githubusercontent.com/zcash/wallet/main/supply-chain/audits.toml"

[[audits.zcash.audits.errno]]
who = "Jack Grigg <jack@electriccoin.co>"
criteria = "safe-to-deploy"
delta = "0.3.11 -> 0.3.13"
aggregated-from = "https://raw.githubusercontent.com/zcash/zcash/master/qa/supply-chain/audits.toml"

[[audits.zcash.audits.errno]]
who = "Jack Grigg <jack@electriccoin.co>"
criteria = "safe-to-deploy"
delta = "0.3.13 -> 0.3.14"
aggregated-from = "https://raw.githubusercontent.com/zcash/librustzcash/main/supply-chain/audits.toml"

[[audits.zcash.audits.windows-link]]
who = "Jack Grigg <jack@electriccoin.co>"
criteria = "safe-to-deploy"
delta = "0.2.0 -> 0.2.1"
notes = "No code changes at all."
aggregated-from = "https://raw.githubusercontent.com/zcash/librustzcash/main/supply-chain/audits.toml"
